
Microsoft Visual Studio Solution File, Format Version 12.00
# Visual Studio Version 17
VisualStudioVersion = 17.5.33424.131
MinimumVisualStudioVersion = 10.0.40219.1
Project("{FAE04EC0-301F-11D3-BF4B-00C04F79EFBC}") = "TodoApi", "TodoApi\TodoApi.csproj", "{BEBE7BE3-18D5-4BC1-8548-E1C44280C440}"
EndProject
Global
	GlobalSection(SolutionConfigurationPlatforms) = preSolution
		Debug|Any CPU = Debug|Any CPU
		Release|Any CPU = Release|Any CPU
	EndGlobalSection
	GlobalSection(ProjectConfigurationPlatforms) = postSolution
		{BEBE7BE3-18D5-4BC1-8548-E1C44280C440}.Debug|Any CPU.ActiveCfg = Debug|Any CPU
		{BEBE7BE3-18D5-4BC1-8548-E1C44280C440}.Debug|Any CPU.Build.0 = Debug|Any CPU
		{BEBE7BE3-18D5-4BC1-8548-E1C44280C440}.Release|Any CPU.ActiveCfg = Release|Any CPU
		{BEBE7BE3-18D5-4BC1-8548-E1C44280C440}.Release|Any CPU.Build.0 = Release|Any CPU
	EndGlobalSection
	GlobalSection(SolutionProperties) = preSolution
		HideSolutionNode = FALSE
	EndGlobalSection
	GlobalSection(ExtensibilityGlobals) = postSolution
		SolutionGuid = {B25E7FA9-80F9-4838-B9A7-1DA95581EF81}
	EndGlobalSection
EndGlobal
